
Microsoft Visual Studio Solution File, Format Version 12.00
# Visual Studio Version 18
VisualStudioVersion = 18.6.11819.183
MinimumVisualStudioVersion = 10.0.40219.1
Project("{2150E333-8FDC-42A3-9474-1A3956D46DE8}") = "Solution Items", "Solution Items", "{9E856644-B713-41E9-A66D-73F219F6EF36}"
	ProjectSection(SolutionItems) = preProject
		CLAUDE.md = CLAUDE.md
		CustomDictionary.xml = CustomDictionary.xml
		Directory.Build.props = Directory.Build.props
		icon.png = icon.png
		LICENSE.md = LICENSE.md
		README.md = README.md
		StarThrower.public.snk = StarThrower.public.snk
	EndProjectSection
EndProject
Project("{2150E333-8FDC-42A3-9474-1A3956D46DE8}") = "Samples", "Samples", "{F3F34FBB-6225-482B-AB70-96D22A1807BF}"
EndProject
Project("{2150E333-8FDC-42A3-9474-1A3956D46DE8}") = "TestInput", "TestInput", "{2C8E5F20-760B-4E13-BFE1-03936EE0E5BF}"
	ProjectSection(SolutionItems) = preProject
		TestInput\CATALOG.CAT = TestInput\CATALOG.CAT
		TestInput\cities.dbf = TestInput\cities.dbf
		TestInput\cities.shp = TestInput\cities.shp
		TestInput\cities.shx = TestInput\cities.shx
		TestInput\cities_filewise.xml = TestInput\cities_filewise.xml
		TestInput\cities_layer.xml = TestInput\cities_layer.xml
		TestInput\country.dbf = TestInput\country.dbf
		TestInput\country.shp = TestInput\country.shp
		TestInput\country.shx = TestInput\country.shx
		TestInput\country_filewise.xml = TestInput\country_filewise.xml
		TestInput\country_layer.xml = TestInput\country_layer.xml
		TestInput\esri002a.dbf = TestInput\esri002a.dbf
		TestInput\esri002a.shp = TestInput\esri002a.shp
		TestInput\esri002a.shx = TestInput\esri002a.shx
		TestInput\esri002b.dbf = TestInput\esri002b.dbf
		TestInput\esri002b.shp = TestInput\esri002b.shp
		TestInput\esri002b.shx = TestInput\esri002b.shx
		TestInput\esri002c.dbf = TestInput\esri002c.dbf
		TestInput\esri002c.shp = TestInput\esri002c.shp
		TestInput\esri002c.shx = TestInput\esri002c.shx
		TestInput\esri003a.dbf = TestInput\esri003a.dbf
		TestInput\esri003a.shp = TestInput\esri003a.shp
		TestInput\esri003a.shx = TestInput\esri003a.shx
		TestInput\esri003b.dbf = TestInput\esri003b.dbf
		TestInput\esri003b.shp = TestInput\esri003b.shp
		TestInput\esri003b.shx = TestInput\esri003b.shx
		TestInput\esri003c.dbf = TestInput\esri003c.dbf
		TestInput\esri003c.shp = TestInput\esri003c.shp
		TestInput\esri003c.shx = TestInput\esri003c.shx
		TestInput\esri005a.dbf = TestInput\esri005a.dbf
		TestInput\esri005a.shp = TestInput\esri005a.shp
		TestInput\esri005a.shx = TestInput\esri005a.shx
		TestInput\esri006a.dbf = TestInput\esri006a.dbf
		TestInput\esri006a.shp = TestInput\esri006a.shp
		TestInput\esri006a.shx = TestInput\esri006a.shx
		TestInput\esri007a.dbf = TestInput\esri007a.dbf
		TestInput\esri007a.shp = TestInput\esri007a.shp
		TestInput\esri007a.shx = TestInput\esri007a.shx
		TestInput\esri007b.dbf = TestInput\esri007b.dbf
		TestInput\esri007b.prj = TestInput\esri007b.prj
		TestInput\esri007b.shp = TestInput\esri007b.shp
		TestInput\esri007b.shx = TestInput\esri007b.shx
		TestInput\esri007c.dbf = TestInput\esri007c.dbf
		TestInput\esri007c.shp = TestInput\esri007c.shp
		TestInput\esri007c.shx = TestInput\esri007c.shx
		TestInput\esri008a.dbf = TestInput\esri008a.dbf
		TestInput\esri008a.shp = TestInput\esri008a.shp
		TestInput\esri008a.shx = TestInput\esri008a.shx
		TestInput\esri008b.dbf = TestInput\esri008b.dbf
		TestInput\esri008b.prj = TestInput\esri008b.prj
		TestInput\esri008b.shp = TestInput\esri008b.shp
		TestInput\esri008b.shx = TestInput\esri008b.shx
		TestInput\esri008c.dbf = TestInput\esri008c.dbf
		TestInput\esri008c.shp = TestInput\esri008c.shp
		TestInput\esri008c.shx = TestInput\esri008c.shx
		TestInput\esri009b.dbf = TestInput\esri009b.dbf
		TestInput\esri009b.shp = TestInput\esri009b.shp
		TestInput\esri009b.shx = TestInput\esri009b.shx
		TestInput\esri009c.dbf = TestInput\esri009c.dbf
		TestInput\esri009c.shp = TestInput\esri009c.shp
		TestInput\esri009c.shx = TestInput\esri009c.shx
		TestInput\rivers.dbf = TestInput\rivers.dbf
		TestInput\rivers.shp = TestInput\rivers.shp
		TestInput\rivers.shx = TestInput\rivers.shx
		TestInput\rivers_filewise.xml = TestInput\rivers_filewise.xml
		TestInput\rivers_layer.xml = TestInput\rivers_layer.xml
		TestInput\ROOT001.DBF = TestInput\ROOT001.DBF
		TestInput\ROOT002.DBF = TestInput\ROOT002.DBF
		TestInput\root003a.dbf = TestInput\root003a.dbf
		TestInput\root003a.shp = TestInput\root003a.shp
		TestInput\root003a.shx = TestInput\root003a.shx
		TestInput\root003b.dbf = TestInput\root003b.dbf
		TestInput\root003b.shp = TestInput\root003b.shp
		TestInput\root003b.shx = TestInput\root003b.shx
		TestInput\root003c.dbf = TestInput\root003c.dbf
		TestInput\root003c.shp = TestInput\root003c.shp
		TestInput\root003c.shx = TestInput\root003c.shx
		TestInput\TEST001A.DBF = TestInput\TEST001A.DBF
		TestInput\TEST002A.DBF = TestInput\TEST002A.DBF
		TestInput\TEST002B.DBF = TestInput\TEST002B.DBF
		TestInput\TEST005A.DBF = TestInput\TEST005A.DBF
		TestInput\TEST006A.DBF = TestInput\TEST006A.DBF
		TestInput\TEST007A.DBF = TestInput\TEST007A.DBF
		TestInput\TEST009A.DBF = TestInput\TEST009A.DBF
		TestInput\TEST010A.DBF = TestInput\TEST010A.DBF
		TestInput\TEST011A.DBF = TestInput\TEST011A.DBF
		TestInput\TEST015A.DBF = TestInput\TEST015A.DBF
		TestInput\TEST017A.DBF = TestInput\TEST017A.DBF
		TestInput\TEST018A.DBF = TestInput\TEST018A.DBF
		TestInput\TEST019A.DBF = TestInput\TEST019A.DBF
		TestInput\UNTITLED.CAT = TestInput\UNTITLED.CAT
		TestInput\WGS84TranslationTests.xml = TestInput\WGS84TranslationTests.xml
	EndProjectSection
EndProject
Project("{2150E333-8FDC-42A3-9474-1A3956D46DE8}") = "Inputs", "Inputs", "{60AC5CC4-CE1C-4029-99EB-528BA69A3765}"
	ProjectSection(SolutionItems) = preProject
		Samples\Inputs\earley.txt = Samples\Inputs\earley.txt
		Samples\Inputs\earley2.txt = Samples\Inputs\earley2.txt
		Samples\Inputs\expressionbuilder.txt = Samples\Inputs\expressionbuilder.txt
		Samples\Inputs\mylanguage.txt = Samples\Inputs\mylanguage.txt
		Samples\Inputs\prompt1.txt = Samples\Inputs\prompt1.txt
		Samples\Inputs\prompt2.txt = Samples\Inputs\prompt2.txt
		Samples\Inputs\prompt3.txt = Samples\Inputs\prompt3.txt
		Samples\Inputs\prompt4.txt = Samples\Inputs\prompt4.txt
		Samples\Inputs\prompt5.txt = Samples\Inputs\prompt5.txt
		Samples\Inputs\prompt6.txt = Samples\Inputs\prompt6.txt
		Samples\Inputs\promptsp1.txt = Samples\Inputs\promptsp1.txt
		Samples\Inputs\promptsp2.txt = Samples\Inputs\promptsp2.txt
		Samples\Inputs\promptsp3.txt = Samples\Inputs\promptsp3.txt
		Samples\Inputs\promptsp4.txt = Samples\Inputs\promptsp4.txt
		Samples\Inputs\promptsp5.txt = Samples\Inputs\promptsp5.txt
		Samples\Inputs\promptsp6.txt = Samples\Inputs\promptsp6.txt
		Samples\Inputs\tiny.txt = Samples\Inputs\tiny.txt
		Samples\Inputs\tiny2.txt = Samples\Inputs\tiny2.txt
		Samples\Inputs\tiny3.txt = Samples\Inputs\tiny3.txt
		Samples\Inputs\TRAM.txt = Samples\Inputs\TRAM.txt
		Samples\Inputs\TRAM2.txt = Samples\Inputs\TRAM2.txt
		Samples\Inputs\whitespace01.txt = Samples\Inputs\whitespace01.txt
		Samples\Inputs\whitespace02.txt = Samples\Inputs\whitespace02.txt
		Samples\Inputs\whitespace03.txt = Samples\Inputs\whitespace03.txt
		Samples\Inputs\whitespace04.txt = Samples\Inputs\whitespace04.txt
		Samples\Inputs\whitespace05.txt = Samples\Inputs\whitespace05.txt
		Samples\Inputs\whitespaceopt01.txt = Samples\Inputs\whitespaceopt01.txt
		Samples\Inputs\whitespaceopt02.txt = Samples\Inputs\whitespaceopt02.txt
		Samples\Inputs\whitespaceopt03.txt = Samples\Inputs\whitespaceopt03.txt
		Samples\Inputs\whitespaceopt04 .txt = Samples\Inputs\whitespaceopt04 .txt
		Samples\Inputs\whitespaceopt05.txt = Samples\Inputs\whitespaceopt05.txt
	EndProjectSection
EndProject
Project("{2150E333-8FDC-42A3-9474-1A3956D46DE8}") = "Languages", "Languages", "{F965DA8D-F656-420F-A9C2-E925CC1C9EF5}"
	ProjectSection(SolutionItems) = preProject
		Samples\Languages\earley.xml = Samples\Languages\earley.xml
		Samples\Languages\earley2.xml = Samples\Languages\earley2.xml
		Samples\Languages\expressionbuilder.xml = Samples\Languages\expressionbuilder.xml
		Samples\Languages\grammar.xsd = Samples\Languages\grammar.xsd
		Samples\Languages\mylanguage.xml = Samples\Languages\mylanguage.xml
		Samples\Languages\prompt.xml = Samples\Languages\prompt.xml
		Samples\Languages\prompt2.xml = Samples\Languages\prompt2.xml
		Samples\Languages\tiny.xml = Samples\Languages\tiny.xml
		Samples\Languages\tiny2.xml = Samples\Languages\tiny2.xml
		Samples\Languages\tiny3.xml = Samples\Languages\tiny3.xml
		Samples\Languages\TRAM.xml = Samples\Languages\TRAM.xml
		Samples\Languages\whitespace.xml = Samples\Languages\whitespace.xml
		Samples\Languages\whitespaceopt.xml = Samples\Languages\whitespaceopt.xml
		Samples\Languages\whitespaceopt2.xml = Samples\Languages\whitespaceopt2.xml
	EndProjectSection
EndProject
Project("{2150E333-8FDC-42A3-9474-1A3956D46DE8}") = "MathUtilities", "MathUtilities", "{0823DEF9-2BA5-4842-BBCC-5C7D3AE86753}"
EndProject
Project("{2150E333-8FDC-42A3-9474-1A3956D46DE8}") = "Matrices", "Matrices", "{C89E55C9-1245-4097-8DD3-7686650F0383}"
EndProject
Project("{2150E333-8FDC-42A3-9474-1A3956D46DE8}") = "StringUtilities", "StringUtilities", "{5F0DCEAA-6900-44DF-B923-3C79EAC26F5A}"
EndProject
Project("{2150E333-8FDC-42A3-9474-1A3956D46DE8}") = "DateTimeUtilities", "DateTimeUtilities", "{4701B6AF-918B-4A90-80FE-14250E128642}"
EndProject
Project("{2150E333-8FDC-42A3-9474-1A3956D46DE8}") = "Collections", "Collections", "{C1C077B8-48ED-4354-AA87-A7E82F1540E3}"
EndProject
Project("{2150E333-8FDC-42A3-9474-1A3956D46DE8}") = "ByteUtilities", "ByteUtilities", "{9344BE58-A499-4714-83C8-2958F0845801}"
EndProject
Project("{2150E333-8FDC-42A3-9474-1A3956D46DE8}") = "XBase", "XBase", "{E2B27366-32DE-4052-85AC-EA65A1FE3805}"
EndProject
Project("{2150E333-8FDC-42A3-9474-1A3956D46DE8}") = "Providers", "Providers", "{5A815EFC-8A7F-42EB-83FD-689AFC2EDDCB}"
EndProject
Project("{2150E333-8FDC-42A3-9474-1A3956D46DE8}") = "Gis.GeoUtilities", "Gis.GeoUtilities", "{7FA284F4-280B-4282-B409-13101F73D2F8}"
EndProject
Project("{2150E333-8FDC-42A3-9474-1A3956D46DE8}") = "Gis.EsriLibrary", "Gis.EsriLibrary", "{B8AC0FC3-EF53-4B54-A6AD-1F44F4F3B973}"
EndProject
Project("{2150E333-8FDC-42A3-9474-1A3956D46DE8}") = "FileSystem", "FileSystem", "{0FD1770A-762F-4D04-84A5-BA80D8F61E18}"
EndProject
Project("{2150E333-8FDC-42A3-9474-1A3956D46DE8}") = "EarleyParser", "EarleyParser", "{9921C46F-65E4-447D-BF69-1B67D44A279E}"
EndProject
Project("{2150E333-8FDC-42A3-9474-1A3956D46DE8}") = "DataUtilities", "DataUtilities", "{67DC799D-3C48-4C97-A0B0-20E7CC643D94}"
EndProject
Project("{2150E333-8FDC-42A3-9474-1A3956D46DE8}") = "EfProviders", "EfProviders", "{B60F0BA9-76DB-4FDF-9F0A-8BCDBFEE1DB2}"
EndProject
Project("{2150E333-8FDC-42A3-9474-1A3956D46DE8}") = "WcfProviders", "WcfProviders", "{4E355296-476E-4284-A094-5CFAD7A861C3}"
EndProject
Project("{FAE04EC0-301F-11D3-BF4B-00C04F79EFBC}") = "StarThrower.MathUtilities", "StarThrower.MathUtilities\StarThrower.MathUtilities.csproj", "{693F6965-EF98-442B-9861-83AFE4804443}"
EndProject
Project("{FAE04EC0-301F-11D3-BF4B-00C04F79EFBC}") = "StarThrower.MathUtilities.Test", "StarThrower.MathUtilities.Test\StarThrower.MathUtilities.Test.csproj", "{F57804A9-B426-4D6D-A71A-B28B52101AA5}"
EndProject
Project("{FAE04EC0-301F-11D3-BF4B-00C04F79EFBC}") = "StarThrower.Matrices", "StarThrower.Matrices\StarThrower.Matrices.csproj", "{F7CF5933-F836-40C5-A4A7-85B040D42FD4}"
EndProject
Project("{FAE04EC0-301F-11D3-BF4B-00C04F79EFBC}") = "StarThrower.Matrices.Test", "StarThrower.Matrices.Test\StarThrower.Matrices.Test.csproj", "{5C0FD10D-8EFC-4989-80BC-A72378F51812}"
EndProject
Project("{FAE04EC0-301F-11D3-BF4B-00C04F79EFBC}") = "StarThrower.StringUtilities", "StarThrower.StringUtilities\StarThrower.StringUtilities.csproj", "{29C73ECC-4B0C-4894-9CF6-732E045FC4FB}"
EndProject
Project("{FAE04EC0-301F-11D3-BF4B-00C04F79EFBC}") = "StarThrower.StringUtilities.Test", "StarThrower.StringUtilities.Test\StarThrower.StringUtilities.Test.csproj", "{E6C1856E-A1FE-4691-851E-28BBFBDABB13}"
EndProject
Project("{FAE04EC0-301F-11D3-BF4B-00C04F79EFBC}") = "StarThrower.DateTimeUtilities", "StarThrower.DateTimeUtilities\StarThrower.DateTimeUtilities.csproj", "{BE18D7ED-EE2F-4994-9263-D1CA7F30516E}"
EndProject
Project("{FAE04EC0-301F-11D3-BF4B-00C04F79EFBC}") = "StarThrower.DateTimeUtilities.Test", "StarThrower.DateTimeUtilities.Test\StarThrower.DateTimeUtilities.Test.csproj", "{278A604F-41BC-4DDD-9E95-3E4DE7E9B640}"
EndProject
Project("{FAE04EC0-301F-11D3-BF4B-00C04F79EFBC}") = "StarThrower.Collections", "StarThrower.Collections\StarThrower.Collections.csproj", "{ACB4476C-3409-434D-BA21-DC7039730011}"
EndProject
Project("{FAE04EC0-301F-11D3-BF4B-00C04F79EFBC}") = "StarThrower.ByteUtilities", "StarThrower.ByteUtilities\StarThrower.ByteUtilities.csproj", "{AE629497-B0CC-4680-A62E-3900C3493C94}"
EndProject
Project("{FAE04EC0-301F-11D3-BF4B-00C04F79EFBC}") = "StarThrower.ByteUtilities.Test", "StarThrower.ByteUtilities.Test\StarThrower.ByteUtilities.Test.csproj", "{04A5BCE8-430F-4693-9571-80671C8E4299}"
EndProject
Project("{FAE04EC0-301F-11D3-BF4B-00C04F79EFBC}") = "StarThrower.DataUtilities.Test", "StarThrower.DataUtilities.Test\StarThrower.DataUtilities.Test.csproj", "{D70907BF-FFEC-4431-9942-57D500F18C7C}"
EndProject
Project("{FAE04EC0-301F-11D3-BF4B-00C04F79EFBC}") = "StarThrower.DataUtilities", "StarThrower.DataUtilities\StarThrower.DataUtilities.csproj", "{EE823BC0-D9FC-4FE3-A58E-08F3B1BEA3B0}"
EndProject
Project("{FAE04EC0-301F-11D3-BF4B-00C04F79EFBC}") = "StarThrower.EarleyParser", "StarThrower.EarleyParser\StarThrower.EarleyParser.csproj", "{98E3C5A8-587A-4776-9C67-6BB8D8EE5B4B}"
EndProject
Project("{FAE04EC0-301F-11D3-BF4B-00C04F79EFBC}") = "StarThrower.EarleyParser.Test", "StarThrower.EarleyParser.Test\StarThrower.EarleyParser.Test.csproj", "{D5FFCB7C-6F96-4C86-BB35-0ADC57E755AD}"
EndProject
Project("{FAE04EC0-301F-11D3-BF4B-00C04F79EFBC}") = "StarThrower.EarleyParser.TestApp", "StarThrower.EarleyParser.TestApp\StarThrower.EarleyParser.TestApp.csproj", "{04DA8411-61FC-4C5B-8793-782605EED002}"
EndProject
Project("{FAE04EC0-301F-11D3-BF4B-00C04F79EFBC}") = "StarThrower.FileUtilities", "StarThrower.FileUtilities\StarThrower.FileUtilities.csproj", "{76B5E67E-A043-417C-A259-D1B56B437738}"
EndProject
Project("{FAE04EC0-301F-11D3-BF4B-00C04F79EFBC}") = "StarThrower.XBase", "StarThrower.XBase\StarThrower.XBase.csproj", "{98F85930-E405-4A5C-8982-9D48E5F4171F}"
EndProject
Project("{FAE04EC0-301F-11D3-BF4B-00C04F79EFBC}") = "StarThrower.XBase.Test", "StarThrower.XBase.Test\StarThrower.XBase.Test.csproj", "{DAF606D0-F81A-4977-BA1B-AACDF05E8CF8}"
EndProject
Project("{FAE04EC0-301F-11D3-BF4B-00C04F79EFBC}") = "StarThrower.Gis.GeoUtilities", "StarThrower.Gis.GeoUtilities\StarThrower.Gis.GeoUtilities.csproj", "{68490FF6-F689-426F-B8C6-7E0D02451683}"
EndProject
Project("{FAE04EC0-301F-11D3-BF4B-00C04F79EFBC}") = "StarThrower.Gis.GeoUtilities.Test", "StarThrower.Gis.GeoUtilities.Test\StarThrower.Gis.GeoUtilities.Test.csproj", "{FA61914A-A854-4C4E-BF4D-D2CA4D480150}"
EndProject
Project("{FAE04EC0-301F-11D3-BF4B-00C04F79EFBC}") = "StarThrower.Gis.EsriLibrary", "StarThrower.Gis.EsriLibrary\StarThrower.Gis.EsriLibrary.csproj", "{30D576D7-3641-4E83-A932-71CFB0024FC8}"
EndProject
Project("{FAE04EC0-301F-11D3-BF4B-00C04F79EFBC}") = "StarThrower.Gis.EsriLibrary.Test", "StarThrower.Gis.EsriLibrary.Test\StarThrower.Gis.EsriLibrary.Test.csproj", "{D705E041-20BF-4D7B-A8BE-108B9FEAD8CD}"
EndProject
Global
	GlobalSection(SolutionConfigurationPlatforms) = preSolution
		Debug|Any CPU = Debug|Any CPU
		Debug|x64 = Debug|x64
		Debug|x86 = Debug|x86
		Release|Any CPU = Release|Any CPU
		Release|x64 = Release|x64
		Release|x86 = Release|x86
	EndGlobalSection
	GlobalSection(ProjectConfigurationPlatforms) = postSolution
		{693F6965-EF98-442B-9861-83AFE4804443}.Debug|Any CPU.ActiveCfg = Debug|Any CPU
		{693F6965-EF98-442B-9861-83AFE4804443}.Debug|Any CPU.Build.0 = Debug|Any CPU
		{693F6965-EF98-442B-9861-83AFE4804443}.Debug|x64.ActiveCfg = Debug|Any CPU
		{693F6965-EF98-442B-9861-83AFE4804443}.Debug|x64.Build.0 = Debug|Any CPU
		{693F6965-EF98-442B-9861-83AFE4804443}.Debug|x86.ActiveCfg = Debug|Any CPU
		{693F6965-EF98-442B-9861-83AFE4804443}.Debug|x86.Build.0 = Debug|Any CPU
		{693F6965-EF98-442B-9861-83AFE4804443}.Release|Any CPU.ActiveCfg = Release|Any CPU
		{693F6965-EF98-442B-9861-83AFE4804443}.Release|Any CPU.Build.0 = Release|Any CPU
		{693F6965-EF98-442B-9861-83AFE4804443}.Release|x64.ActiveCfg = Release|Any CPU
		{693F6965-EF98-442B-9861-83AFE4804443}.Release|x64.Build.0 = Release|Any CPU
		{693F6965-EF98-442B-9861-83AFE4804443}.Release|x86.ActiveCfg = Release|Any CPU
		{693F6965-EF98-442B-9861-83AFE4804443}.Release|x86.Build.0 = Release|Any CPU
		{F57804A9-B426-4D6D-A71A-B28B52101AA5}.Debug|Any CPU.ActiveCfg = Debug|Any CPU
		{F57804A9-B426-4D6D-A71A-B28B52101AA5}.Debug|Any CPU.Build.0 = Debug|Any CPU
		{F57804A9-B426-4D6D-A71A-B28B52101AA5}.Debug|x64.ActiveCfg = Debug|Any CPU
		{F57804A9-B426-4D6D-A71A-B28B52101AA5}.Debug|x64.Build.0 = Debug|Any CPU
		{F57804A9-B426-4D6D-A71A-B28B52101AA5}.Debug|x86.ActiveCfg = Debug|Any CPU
		{F57804A9-B426-4D6D-A71A-B28B52101AA5}.Debug|x86.Build.0 = Debug|Any CPU
		{F57804A9-B426-4D6D-A71A-B28B52101AA5}.Release|Any CPU.ActiveCfg = Release|Any CPU
		{F57804A9-B426-4D6D-A71A-B28B52101AA5}.Release|Any CPU.Build.0 = Release|Any CPU
		{F57804A9-B426-4D6D-A71A-B28B52101AA5}.Release|x64.ActiveCfg = Release|Any CPU
		{F57804A9-B426-4D6D-A71A-B28B52101AA5}.Release|x64.Build.0 = Release|Any CPU
		{F57804A9-B426-4D6D-A71A-B28B52101AA5}.Release|x86.ActiveCfg = Release|Any CPU
		{F57804A9-B426-4D6D-A71A-B28B52101AA5}.Release|x86.Build.0 = Release|Any CPU
		{F7CF5933-F836-40C5-A4A7-85B040D42FD4}.Debug|Any CPU.ActiveCfg = Debug|Any CPU
		{F7CF5933-F836-40C5-A4A7-85B040D42FD4}.Debug|Any CPU.Build.0 = Debug|Any CPU
		{F7CF5933-F836-40C5-A4A7-85B040D42FD4}.Debug|x64.ActiveCfg = Debug|Any CPU
		{F7CF5933-F836-40C5-A4A7-85B040D42FD4}.Debug|x64.Build.0 = Debug|Any CPU
		{F7CF5933-F836-40C5-A4A7-85B040D42FD4}.Debug|x86.ActiveCfg = Debug|Any CPU
		{F7CF5933-F836-40C5-A4A7-85B040D42FD4}.Debug|x86.Build.0 = Debug|Any CPU
		{F7CF5933-F836-40C5-A4A7-85B040D42FD4}.Release|Any CPU.ActiveCfg = Release|Any CPU
		{F7CF5933-F836-40C5-A4A7-85B040D42FD4}.Release|Any CPU.Build.0 = Release|Any CPU
		{F7CF5933-F836-40C5-A4A7-85B040D42FD4}.Release|x64.ActiveCfg = Release|Any CPU
		{F7CF5933-F836-40C5-A4A7-85B040D42FD4}.Release|x64.Build.0 = Release|Any CPU
		{F7CF5933-F836-40C5-A4A7-85B040D42FD4}.Release|x86.ActiveCfg = Release|Any CPU
		{F7CF5933-F836-40C5-A4A7-85B040D42FD4}.Release|x86.Build.0 = Release|Any CPU
		{5C0FD10D-8EFC-4989-80BC-A72378F51812}.Debug|Any CPU.ActiveCfg = Debug|Any CPU
		{5C0FD10D-8EFC-4989-80BC-A72378F51812}.Debug|Any CPU.Build.0 = Debug|Any CPU
		{5C0FD10D-8EFC-4989-80BC-A72378F51812}.Debug|x64.ActiveCfg = Debug|Any CPU
		{5C0FD10D-8EFC-4989-80BC-A72378F51812}.Debug|x64.Build.0 = Debug|Any CPU
		{5C0FD10D-8EFC-4989-80BC-A72378F51812}.Debug|x86.ActiveCfg = Debug|Any CPU
		{5C0FD10D-8EFC-4989-80BC-A72378F51812}.Debug|x86.Build.0 = Debug|Any CPU
		{5C0FD10D-8EFC-4989-80BC-A72378F51812}.Release|Any CPU.ActiveCfg = Release|Any CPU
		{5C0FD10D-8EFC-4989-80BC-A72378F51812}.Release|Any CPU.Build.0 = Release|Any CPU
		{5C0FD10D-8EFC-4989-80BC-A72378F51812}.Release|x64.ActiveCfg = Release|Any CPU
		{5C0FD10D-8EFC-4989-80BC-A72378F51812}.Release|x64.Build.0 = Release|Any CPU
		{5C0FD10D-8EFC-4989-80BC-A72378F51812}.Release|x86.ActiveCfg = Release|Any CPU
		{5C0FD10D-8EFC-4989-80BC-A72378F51812}.Release|x86.Build.0 = Release|Any CPU
		{29C73ECC-4B0C-4894-9CF6-732E045FC4FB}.Debug|Any CPU.ActiveCfg = Debug|Any CPU
		{29C73ECC-4B0C-4894-9CF6-732E045FC4FB}.Debug|Any CPU.Build.0 = Debug|Any CPU
		{29C73ECC-4B0C-4894-9CF6-732E045FC4FB}.Debug|x64.ActiveCfg = Debug|Any CPU
		{29C73ECC-4B0C-4894-9CF6-732E045FC4FB}.Debug|x64.Build.0 = Debug|Any CPU
		{29C73ECC-4B0C-4894-9CF6-732E045FC4FB}.Debug|x86.ActiveCfg = Debug|Any CPU
		{29C73ECC-4B0C-4894-9CF6-732E045FC4FB}.Debug|x86.Build.0 = Debug|Any CPU
		{29C73ECC-4B0C-4894-9CF6-732E045FC4FB}.Release|Any CPU.ActiveCfg = Release|Any CPU
		{29C73ECC-4B0C-4894-9CF6-732E045FC4FB}.Release|Any CPU.Build.0 = Release|Any CPU
		{29C73ECC-4B0C-4894-9CF6-732E045FC4FB}.Release|x64.ActiveCfg = Release|Any CPU
		{29C73ECC-4B0C-4894-9CF6-732E045FC4FB}.Release|x64.Build.0 = Release|Any CPU
		{29C73ECC-4B0C-4894-9CF6-732E045FC4FB}.Release|x86.ActiveCfg = Release|Any CPU
		{29C73ECC-4B0C-4894-9CF6-732E045FC4FB}.Release|x86.Build.0 = Release|Any CPU
		{E6C1856E-A1FE-4691-851E-28BBFBDABB13}.Debug|Any CPU.ActiveCfg = Debug|Any CPU
		{E6C1856E-A1FE-4691-851E-28BBFBDABB13}.Debug|Any CPU.Build.0 = Debug|Any CPU
		{E6C1856E-A1FE-4691-851E-28BBFBDABB13}.Debug|x64.ActiveCfg = Debug|Any CPU
		{E6C1856E-A1FE-4691-851E-28BBFBDABB13}.Debug|x64.Build.0 = Debug|Any CPU
		{E6C1856E-A1FE-4691-851E-28BBFBDABB13}.Debug|x86.ActiveCfg = Debug|Any CPU
		{E6C1856E-A1FE-4691-851E-28BBFBDABB13}.Debug|x86.Build.0 = Debug|Any CPU
		{E6C1856E-A1FE-4691-851E-28BBFBDABB13}.Release|Any CPU.ActiveCfg = Release|Any CPU
		{E6C1856E-A1FE-4691-851E-28BBFBDABB13}.Release|Any CPU.Build.0 = Release|Any CPU
		{E6C1856E-A1FE-4691-851E-28BBFBDABB13}.Release|x64.ActiveCfg = Release|Any CPU
		{E6C1856E-A1FE-4691-851E-28BBFBDABB13}.Release|x64.Build.0 = Release|Any CPU
		{E6C1856E-A1FE-4691-851E-28BBFBDABB13}.Release|x86.ActiveCfg = Release|Any CPU
		{E6C1856E-A1FE-4691-851E-28BBFBDABB13}.Release|x86.Build.0 = Release|Any CPU
		{BE18D7ED-EE2F-4994-9263-D1CA7F30516E}.Debug|Any CPU.ActiveCfg = Debug|Any CPU
		{BE18D7ED-EE2F-4994-9263-D1CA7F30516E}.Debug|Any CPU.Build.0 = Debug|Any CPU
		{BE18D7ED-EE2F-4994-9263-D1CA7F30516E}.Debug|x64.ActiveCfg = Debug|Any CPU
		{BE18D7ED-EE2F-4994-9263-D1CA7F30516E}.Debug|x64.Build.0 = Debug|Any CPU
		{BE18D7ED-EE2F-4994-9263-D1CA7F30516E}.Debug|x86.ActiveCfg = Debug|Any CPU
		{BE18D7ED-EE2F-4994-9263-D1CA7F30516E}.Debug|x86.Build.0 = Debug|Any CPU
		{BE18D7ED-EE2F-4994-9263-D1CA7F30516E}.Release|Any CPU.ActiveCfg = Release|Any CPU
		{BE18D7ED-EE2F-4994-9263-D1CA7F30516E}.Release|Any CPU.Build.0 = Release|Any CPU
		{BE18D7ED-EE2F-4994-9263-D1CA7F30516E}.Release|x64.ActiveCfg = Release|Any CPU
		{BE18D7ED-EE2F-4994-9263-D1CA7F30516E}.Release|x64.Build.0 = Release|Any CPU
		{BE18D7ED-EE2F-4994-9263-D1CA7F30516E}.Release|x86.ActiveCfg = Release|Any CPU
		{BE18D7ED-EE2F-4994-9263-D1CA7F30516E}.Release|x86.Build.0 = Release|Any CPU
		{278A604F-41BC-4DDD-9E95-3E4DE7E9B640}.Debug|Any CPU.ActiveCfg = Debug|Any CPU
		{278A604F-41BC-4DDD-9E95-3E4DE7E9B640}.Debug|Any CPU.Build.0 = Debug|Any CPU
		{278A604F-41BC-4DDD-9E95-3E4DE7E9B640}.Debug|x64.ActiveCfg = Debug|Any CPU
		{278A604F-41BC-4DDD-9E95-3E4DE7E9B640}.Debug|x64.Build.0 = Debug|Any CPU
		{278A604F-41BC-4DDD-9E95-3E4DE7E9B640}.Debug|x86.ActiveCfg = Debug|Any CPU
		{278A604F-41BC-4DDD-9E95-3E4DE7E9B640}.Debug|x86.Build.0 = Debug|Any CPU
		{278A604F-41BC-4DDD-9E95-3E4DE7E9B640}.Release|Any CPU.ActiveCfg = Release|Any CPU
		{278A604F-41BC-4DDD-9E95-3E4DE7E9B640}.Release|Any CPU.Build.0 = Release|Any CPU
		{278A604F-41BC-4DDD-9E95-3E4DE7E9B640}.Release|x64.ActiveCfg = Release|Any CPU
		{278A604F-41BC-4DDD-9E95-3E4DE7E9B640}.Release|x64.Build.0 = Release|Any CPU
		{278A604F-41BC-4DDD-9E95-3E4DE7E9B640}.Release|x86.ActiveCfg = Release|Any CPU
		{278A604F-41BC-4DDD-9E95-3E4DE7E9B640}.Release|x86.Build.0 = Release|Any CPU
		{ACB4476C-3409-434D-BA21-DC7039730011}.Debug|Any CPU.ActiveCfg = Debug|Any CPU
		{ACB4476C-3409-434D-BA21-DC7039730011}.Debug|Any CPU.Build.0 = Debug|Any CPU
		{ACB4476C-3409-434D-BA21-DC7039730011}.Debug|x64.ActiveCfg = Debug|Any CPU
		{ACB4476C-3409-434D-BA21-DC7039730011}.Debug|x64.Build.0 = Debug|Any CPU
		{ACB4476C-3409-434D-BA21-DC7039730011}.Debug|x86.ActiveCfg = Debug|Any CPU
		{ACB4476C-3409-434D-BA21-DC7039730011}.Debug|x86.Build.0 = Debug|Any CPU
		{ACB4476C-3409-434D-BA21-DC7039730011}.Release|Any CPU.ActiveCfg = Release|Any CPU
		{ACB4476C-3409-434D-BA21-DC7039730011}.Release|Any CPU.Build.0 = Release|Any CPU
		{ACB4476C-3409-434D-BA21-DC7039730011}.Release|x64.ActiveCfg = Release|Any CPU
		{ACB4476C-3409-434D-BA21-DC7039730011}.Release|x64.Build.0 = Release|Any CPU
		{ACB4476C-3409-434D-BA21-DC7039730011}.Release|x86.ActiveCfg = Release|Any CPU
		{ACB4476C-3409-434D-BA21-DC7039730011}.Release|x86.Build.0 = Release|Any CPU
		{AE629497-B0CC-4680-A62E-3900C3493C94}.Debug|Any CPU.ActiveCfg = Debug|Any CPU
		{AE629497-B0CC-4680-A62E-3900C3493C94}.Debug|Any CPU.Build.0 = Debug|Any CPU
		{AE629497-B0CC-4680-A62E-3900C3493C94}.Debug|x64.ActiveCfg = Debug|Any CPU
		{AE629497-B0CC-4680-A62E-3900C3493C94}.Debug|x64.Build.0 = Debug|Any CPU
		{AE629497-B0CC-4680-A62E-3900C3493C94}.Debug|x86.ActiveCfg = Debug|Any CPU
		{AE629497-B0CC-4680-A62E-3900C3493C94}.Debug|x86.Build.0 = Debug|Any CPU
		{AE629497-B0CC-4680-A62E-3900C3493C94}.Release|Any CPU.ActiveCfg = Release|Any CPU
		{AE629497-B0CC-4680-A62E-3900C3493C94}.Release|Any CPU.Build.0 = Release|Any CPU
		{AE629497-B0CC-4680-A62E-3900C3493C94}.Release|x64.ActiveCfg = Release|Any CPU
		{AE629497-B0CC-4680-A62E-3900C3493C94}.Release|x64.Build.0 = Release|Any CPU
		{AE629497-B0CC-4680-A62E-3900C3493C94}.Release|x86.ActiveCfg = Release|Any CPU
		{AE629497-B0CC-4680-A62E-3900C3493C94}.Release|x86.Build.0 = Release|Any CPU
		{04A5BCE8-430F-4693-9571-80671C8E4299}.Debug|Any CPU.ActiveCfg = Debug|Any CPU
		{04A5BCE8-430F-4693-9571-80671C8E4299}.Debug|Any CPU.Build.0 = Debug|Any CPU
		{04A5BCE8-430F-4693-9571-80671C8E4299}.Debug|x64.ActiveCfg = Debug|Any CPU
		{04A5BCE8-430F-4693-9571-80671C8E4299}.Debug|x64.Build.0 = Debug|Any CPU
		{04A5BCE8-430F-4693-9571-80671C8E4299}.Debug|x86.ActiveCfg = Debug|Any CPU
		{04A5BCE8-430F-4693-9571-80671C8E4299}.Debug|x86.Build.0 = Debug|Any CPU
		{04A5BCE8-430F-4693-9571-80671C8E4299}.Release|Any CPU.ActiveCfg = Release|Any CPU
		{04A5BCE8-430F-4693-9571-80671C8E4299}.Release|Any CPU.Build.0 = Release|Any CPU
		{04A5BCE8-430F-4693-9571-80671C8E4299}.Release|x64.ActiveCfg = Release|Any CPU
		{04A5BCE8-430F-4693-9571-80671C8E4299}.Release|x64.Build.0 = Release|Any CPU
		{04A5BCE8-430F-4693-9571-80671C8E4299}.Release|x86.ActiveCfg = Release|Any CPU
		{04A5BCE8-430F-4693-9571-80671C8E4299}.Release|x86.Build.0 = Release|Any CPU
		{D70907BF-FFEC-4431-9942-57D500F18C7C}.Debug|Any CPU.ActiveCfg = Debug|Any CPU
		{D70907BF-FFEC-4431-9942-57D500F18C7C}.Debug|Any CPU.Build.0 = Debug|Any CPU
		{D70907BF-FFEC-4431-9942-57D500F18C7C}.Debug|x64.ActiveCfg = Debug|Any CPU
		{D70907BF-FFEC-4431-9942-57D500F18C7C}.Debug|x64.Build.0 = Debug|Any CPU
		{D70907BF-FFEC-4431-9942-57D500F18C7C}.Debug|x86.ActiveCfg = Debug|Any CPU
		{D70907BF-FFEC-4431-9942-57D500F18C7C}.Debug|x86.Build.0 = Debug|Any CPU
		{D70907BF-FFEC-4431-9942-57D500F18C7C}.Release|Any CPU.ActiveCfg = Release|Any CPU
		{D70907BF-FFEC-4431-9942-57D500F18C7C}.Release|Any CPU.Build.0 = Release|Any CPU
		{D70907BF-FFEC-4431-9942-57D500F18C7C}.Release|x64.ActiveCfg = Release|Any CPU
		{D70907BF-FFEC-4431-9942-57D500F18C7C}.Release|x64.Build.0 = Release|Any CPU
		{D70907BF-FFEC-4431-9942-57D500F18C7C}.Release|x86.ActiveCfg = Release|Any CPU
		{D70907BF-FFEC-4431-9942-57D500F18C7C}.Release|x86.Build.0 = Release|Any CPU
		{EE823BC0-D9FC-4FE3-A58E-08F3B1BEA3B0}.Debug|Any CPU.ActiveCfg = Debug|Any CPU
		{EE823BC0-D9FC-4FE3-A58E-08F3B1BEA3B0}.Debug|Any CPU.Build.0 = Debug|Any CPU
		{EE823BC0-D9FC-4FE3-A58E-08F3B1BEA3B0}.Debug|x64.ActiveCfg = Debug|Any CPU
		{EE823BC0-D9FC-4FE3-A58E-08F3B1BEA3B0}.Debug|x64.Build.0 = Debug|Any CPU
		{EE823BC0-D9FC-4FE3-A58E-08F3B1BEA3B0}.Debug|x86.ActiveCfg = Debug|Any CPU
		{EE823BC0-D9FC-4FE3-A58E-08F3B1BEA3B0}.Debug|x86.Build.0 = Debug|Any CPU
		{EE823BC0-D9FC-4FE3-A58E-08F3B1BEA3B0}.Release|Any CPU.ActiveCfg = Release|Any CPU
		{EE823BC0-D9FC-4FE3-A58E-08F3B1BEA3B0}.Release|Any CPU.Build.0 = Release|Any CPU
		{EE823BC0-D9FC-4FE3-A58E-08F3B1BEA3B0}.Release|x64.ActiveCfg = Release|Any CPU
		{EE823BC0-D9FC-4FE3-A58E-08F3B1BEA3B0}.Release|x64.Build.0 = Release|Any CPU
		{EE823BC0-D9FC-4FE3-A58E-08F3B1BEA3B0}.Release|x86.ActiveCfg = Release|Any CPU
		{EE823BC0-D9FC-4FE3-A58E-08F3B1BEA3B0}.Release|x86.Build.0 = Release|Any CPU
		{98E3C5A8-587A-4776-9C67-6BB8D8EE5B4B}.Debug|Any CPU.ActiveCfg = Debug|Any CPU
		{98E3C5A8-587A-4776-9C67-6BB8D8EE5B4B}.Debug|Any CPU.Build.0 = Debug|Any CPU
		{98E3C5A8-587A-4776-9C67-6BB8D8EE5B4B}.Debug|x64.ActiveCfg = Debug|Any CPU
		{98E3C5A8-587A-4776-9C67-6BB8D8EE5B4B}.Debug|x64.Build.0 = Debug|Any CPU
		{98E3C5A8-587A-4776-9C67-6BB8D8EE5B4B}.Debug|x86.ActiveCfg = Debug|Any CPU
		{98E3C5A8-587A-4776-9C67-6BB8D8EE5B4B}.Debug|x86.Build.0 = Debug|Any CPU
		{98E3C5A8-587A-4776-9C67-6BB8D8EE5B4B}.Release|Any CPU.ActiveCfg = Release|Any CPU
		{98E3C5A8-587A-4776-9C67-6BB8D8EE5B4B}.Release|Any CPU.Build.0 = Release|Any CPU
		{98E3C5A8-587A-4776-9C67-6BB8D8EE5B4B}.Release|x64.ActiveCfg = Release|Any CPU
		{98E3C5A8-587A-4776-9C67-6BB8D8EE5B4B}.Release|x64.Build.0 = Release|Any CPU
		{98E3C5A8-587A-4776-9C67-6BB8D8EE5B4B}.Release|x86.ActiveCfg = Release|Any CPU
		{98E3C5A8-587A-4776-9C67-6BB8D8EE5B4B}.Release|x86.Build.0 = Release|Any CPU
		{D5FFCB7C-6F96-4C86-BB35-0ADC57E755AD}.Debug|Any CPU.ActiveCfg = Debug|Any CPU
		{D5FFCB7C-6F96-4C86-BB35-0ADC57E755AD}.Debug|Any CPU.Build.0 = Debug|Any CPU
		{D5FFCB7C-6F96-4C86-BB35-0ADC57E755AD}.Debug|x64.ActiveCfg = Debug|Any CPU
		{D5FFCB7C-6F96-4C86-BB35-0ADC57E755AD}.Debug|x64.Build.0 = Debug|Any CPU
		{D5FFCB7C-6F96-4C86-BB35-0ADC57E755AD}.Debug|x86.ActiveCfg = Debug|Any CPU
		{D5FFCB7C-6F96-4C86-BB35-0ADC57E755AD}.Debug|x86.Build.0 = Debug|Any CPU
		{D5FFCB7C-6F96-4C86-BB35-0ADC57E755AD}.Release|Any CPU.ActiveCfg = Release|Any CPU
		{D5FFCB7C-6F96-4C86-BB35-0ADC57E755AD}.Release|Any CPU.Build.0 = Release|Any CPU
		{D5FFCB7C-6F96-4C86-BB35-0ADC57E755AD}.Release|x64.ActiveCfg = Release|Any CPU
		{D5FFCB7C-6F96-4C86-BB35-0ADC57E755AD}.Release|x64.Build.0 = Release|Any CPU
		{D5FFCB7C-6F96-4C86-BB35-0ADC57E755AD}.Release|x86.ActiveCfg = Release|Any CPU
		{D5FFCB7C-6F96-4C86-BB35-0ADC57E755AD}.Release|x86.Build.0 = Release|Any CPU
		{04DA8411-61FC-4C5B-8793-782605EED002}.Debug|Any CPU.ActiveCfg = Debug|Any CPU
		{04DA8411-61FC-4C5B-8793-782605EED002}.Debug|Any CPU.Build.0 = Debug|Any CPU
		{04DA8411-61FC-4C5B-8793-782605EED002}.Debug|x64.ActiveCfg = Debug|Any CPU
		{04DA8411-61FC-4C5B-8793-782605EED002}.Debug|x64.Build.0 = Debug|Any CPU
		{04DA8411-61FC-4C5B-8793-782605EED002}.Debug|x86.ActiveCfg = Debug|Any CPU
		{04DA8411-61FC-4C5B-8793-782605EED002}.Debug|x86.Build.0 = Debug|Any CPU
		{04DA8411-61FC-4C5B-8793-782605EED002}.Release|Any CPU.ActiveCfg = Release|Any CPU
		{04DA8411-61FC-4C5B-8793-782605EED002}.Release|Any CPU.Build.0 = Release|Any CPU
		{04DA8411-61FC-4C5B-8793-782605EED002}.Release|x64.ActiveCfg = Release|Any CPU
		{04DA8411-61FC-4C5B-8793-782605EED002}.Release|x64.Build.0 = Release|Any CPU
		{04DA8411-61FC-4C5B-8793-782605EED002}.Release|x86.ActiveCfg = Release|Any CPU
		{04DA8411-61FC-4C5B-8793-782605EED002}.Release|x86.Build.0 = Release|Any CPU
		{76B5E67E-A043-417C-A259-D1B56B437738}.Debug|Any CPU.ActiveCfg = Debug|Any CPU
		{76B5E67E-A043-417C-A259-D1B56B437738}.Debug|Any CPU.Build.0 = Debug|Any CPU
		{76B5E67E-A043-417C-A259-D1B56B437738}.Debug|x64.ActiveCfg = Debug|Any CPU
		{76B5E67E-A043-417C-A259-D1B56B437738}.Debug|x64.Build.0 = Debug|Any CPU
		{76B5E67E-A043-417C-A259-D1B56B437738}.Debug|x86.ActiveCfg = Debug|Any CPU
		{76B5E67E-A043-417C-A259-D1B56B437738}.Debug|x86.Build.0 = Debug|Any CPU
		{76B5E67E-A043-417C-A259-D1B56B437738}.Release|Any CPU.ActiveCfg = Release|Any CPU
		{76B5E67E-A043-417C-A259-D1B56B437738}.Release|Any CPU.Build.0 = Release|Any CPU
		{76B5E67E-A043-417C-A259-D1B56B437738}.Release|x64.ActiveCfg = Release|Any CPU
		{76B5E67E-A043-417C-A259-D1B56B437738}.Release|x64.Build.0 = Release|Any CPU
		{76B5E67E-A043-417C-A259-D1B56B437738}.Release|x86.ActiveCfg = Release|Any CPU
		{76B5E67E-A043-417C-A259-D1B56B437738}.Release|x86.Build.0 = Release|Any CPU
		{98F85930-E405-4A5C-8982-9D48E5F4171F}.Debug|Any CPU.ActiveCfg = Debug|Any CPU
		{98F85930-E405-4A5C-8982-9D48E5F4171F}.Debug|Any CPU.Build.0 = Debug|Any CPU
		{98F85930-E405-4A5C-8982-9D48E5F4171F}.Debug|x64.ActiveCfg = Debug|Any CPU
		{98F85930-E405-4A5C-8982-9D48E5F4171F}.Debug|x64.Build.0 = Debug|Any CPU
		{98F85930-E405-4A5C-8982-9D48E5F4171F}.Debug|x86.ActiveCfg = Debug|Any CPU
		{98F85930-E405-4A5C-8982-9D48E5F4171F}.Debug|x86.Build.0 = Debug|Any CPU
		{98F85930-E405-4A5C-8982-9D48E5F4171F}.Release|Any CPU.ActiveCfg = Release|Any CPU
		{98F85930-E405-4A5C-8982-9D48E5F4171F}.Release|Any CPU.Build.0 = Release|Any CPU
		{98F85930-E405-4A5C-8982-9D48E5F4171F}.Release|x64.ActiveCfg = Release|Any CPU
		{98F85930-E405-4A5C-8982-9D48E5F4171F}.Release|x64.Build.0 = Release|Any CPU
		{98F85930-E405-4A5C-8982-9D48E5F4171F}.Release|x86.ActiveCfg = Release|Any CPU
		{98F85930-E405-4A5C-8982-9D48E5F4171F}.Release|x86.Build.0 = Release|Any CPU
		{DAF606D0-F81A-4977-BA1B-AACDF05E8CF8}.Debug|Any CPU.ActiveCfg = Debug|Any CPU
		{DAF606D0-F81A-4977-BA1B-AACDF05E8CF8}.Debug|Any CPU.Build.0 = Debug|Any CPU
		{DAF606D0-F81A-4977-BA1B-AACDF05E8CF8}.Debug|x64.ActiveCfg = Debug|Any CPU
		{DAF606D0-F81A-4977-BA1B-AACDF05E8CF8}.Debug|x64.Build.0 = Debug|Any CPU
		{DAF606D0-F81A-4977-BA1B-AACDF05E8CF8}.Debug|x86.ActiveCfg = Debug|Any CPU
		{DAF606D0-F81A-4977-BA1B-AACDF05E8CF8}.Debug|x86.Build.0 = Debug|Any CPU
		{DAF606D0-F81A-4977-BA1B-AACDF05E8CF8}.Release|Any CPU.ActiveCfg = Release|Any CPU
		{DAF606D0-F81A-4977-BA1B-AACDF05E8CF8}.Release|Any CPU.Build.0 = Release|Any CPU
		{DAF606D0-F81A-4977-BA1B-AACDF05E8CF8}.Release|x64.ActiveCfg = Release|Any CPU
		{DAF606D0-F81A-4977-BA1B-AACDF05E8CF8}.Release|x64.Build.0 = Release|Any CPU
		{DAF606D0-F81A-4977-BA1B-AACDF05E8CF8}.Release|x86.ActiveCfg = Release|Any CPU
		{DAF606D0-F81A-4977-BA1B-AACDF05E8CF8}.Release|x86.Build.0 = Release|Any CPU
		{68490FF6-F689-426F-B8C6-7E0D02451683}.Debug|Any CPU.ActiveCfg = Debug|Any CPU
		{68490FF6-F689-426F-B8C6-7E0D02451683}.Debug|Any CPU.Build.0 = Debug|Any CPU
		{68490FF6-F689-426F-B8C6-7E0D02451683}.Debug|x64.ActiveCfg = Debug|Any CPU
		{68490FF6-F689-426F-B8C6-7E0D02451683}.Debug|x64.Build.0 = Debug|Any CPU
		{68490FF6-F689-426F-B8C6-7E0D02451683}.Debug|x86.ActiveCfg = Debug|Any CPU
		{68490FF6-F689-426F-B8C6-7E0D02451683}.Debug|x86.Build.0 = Debug|Any CPU
		{68490FF6-F689-426F-B8C6-7E0D02451683}.Release|Any CPU.ActiveCfg = Release|Any CPU
		{68490FF6-F689-426F-B8C6-7E0D02451683}.Release|Any CPU.Build.0 = Release|Any CPU
		{68490FF6-F689-426F-B8C6-7E0D02451683}.Release|x64.ActiveCfg = Release|Any CPU
		{68490FF6-F689-426F-B8C6-7E0D02451683}.Release|x64.Build.0 = Release|Any CPU
		{68490FF6-F689-426F-B8C6-7E0D02451683}.Release|x86.ActiveCfg = Release|Any CPU
		{68490FF6-F689-426F-B8C6-7E0D02451683}.Release|x86.Build.0 = Release|Any CPU
		{FA61914A-A854-4C4E-BF4D-D2CA4D480150}.Debug|Any CPU.ActiveCfg = Debug|Any CPU
		{FA61914A-A854-4C4E-BF4D-D2CA4D480150}.Debug|Any CPU.Build.0 = Debug|Any CPU
		{FA61914A-A854-4C4E-BF4D-D2CA4D480150}.Debug|x64.ActiveCfg = Debug|Any CPU
		{FA61914A-A854-4C4E-BF4D-D2CA4D480150}.Debug|x64.Build.0 = Debug|Any CPU
		{FA61914A-A854-4C4E-BF4D-D2CA4D480150}.Debug|x86.ActiveCfg = Debug|Any CPU
		{FA61914A-A854-4C4E-BF4D-D2CA4D480150}.Debug|x86.Build.0 = Debug|Any CPU
		{FA61914A-A854-4C4E-BF4D-D2CA4D480150}.Release|Any CPU.ActiveCfg = Release|Any CPU
		{FA61914A-A854-4C4E-BF4D-D2CA4D480150}.Release|Any CPU.Build.0 = Release|Any CPU
		{FA61914A-A854-4C4E-BF4D-D2CA4D480150}.Release|x64.ActiveCfg = Release|Any CPU
		{FA61914A-A854-4C4E-BF4D-D2CA4D480150}.Release|x64.Build.0 = Release|Any CPU
		{FA61914A-A854-4C4E-BF4D-D2CA4D480150}.Release|x86.ActiveCfg = Release|Any CPU
		{FA61914A-A854-4C4E-BF4D-D2CA4D480150}.Release|x86.Build.0 = Release|Any CPU
		{30D576D7-3641-4E83-A932-71CFB0024FC8}.Debug|Any CPU.ActiveCfg = Debug|Any CPU
		{30D576D7-3641-4E83-A932-71CFB0024FC8}.Debug|Any CPU.Build.0 = Debug|Any CPU
		{30D576D7-3641-4E83-A932-71CFB0024FC8}.Debug|x64.ActiveCfg = Debug|Any CPU
		{30D576D7-3641-4E83-A932-71CFB0024FC8}.Debug|x64.Build.0 = Debug|Any CPU
		{30D576D7-3641-4E83-A932-71CFB0024FC8}.Debug|x86.ActiveCfg = Debug|Any CPU
		{30D576D7-3641-4E83-A932-71CFB0024FC8}.Debug|x86.Build.0 = Debug|Any CPU
		{30D576D7-3641-4E83-A932-71CFB0024FC8}.Release|Any CPU.ActiveCfg = Release|Any CPU
		{30D576D7-3641-4E83-A932-71CFB0024FC8}.Release|Any CPU.Build.0 = Release|Any CPU
		{30D576D7-3641-4E83-A932-71CFB0024FC8}.Release|x64.ActiveCfg = Release|Any CPU
		{30D576D7-3641-4E83-A932-71CFB0024FC8}.Release|x64.Build.0 = Release|Any CPU
		{30D576D7-3641-4E83-A932-71CFB0024FC8}.Release|x86.ActiveCfg = Release|Any CPU
		{30D576D7-3641-4E83-A932-71CFB0024FC8}.Release|x86.Build.0 = Release|Any CPU
		{D705E041-20BF-4D7B-A8BE-108B9FEAD8CD}.Debug|Any CPU.ActiveCfg = Debug|Any CPU
		{D705E041-20BF-4D7B-A8BE-108B9FEAD8CD}.Debug|Any CPU.Build.0 = Debug|Any CPU
		{D705E041-20BF-4D7B-A8BE-108B9FEAD8CD}.Debug|x64.ActiveCfg = Debug|Any CPU
		{D705E041-20BF-4D7B-A8BE-108B9FEAD8CD}.Debug|x64.Build.0 = Debug|Any CPU
		{D705E041-20BF-4D7B-A8BE-108B9FEAD8CD}.Debug|x86.ActiveCfg = Debug|Any CPU
		{D705E041-20BF-4D7B-A8BE-108B9FEAD8CD}.Debug|x86.Build.0 = Debug|Any CPU
		{D705E041-20BF-4D7B-A8BE-108B9FEAD8CD}.Release|Any CPU.ActiveCfg = Release|Any CPU
		{D705E041-20BF-4D7B-A8BE-108B9FEAD8CD}.Release|Any CPU.Build.0 = Release|Any CPU
		{D705E041-20BF-4D7B-A8BE-108B9FEAD8CD}.Release|x64.ActiveCfg = Release|Any CPU
		{D705E041-20BF-4D7B-A8BE-108B9FEAD8CD}.Release|x64.Build.0 = Release|Any CPU
		{D705E041-20BF-4D7B-A8BE-108B9FEAD8CD}.Release|x86.ActiveCfg = Release|Any CPU
		{D705E041-20BF-4D7B-A8BE-108B9FEAD8CD}.Release|x86.Build.0 = Release|Any CPU
	EndGlobalSection
	GlobalSection(SolutionProperties) = preSolution
		HideSolutionNode = FALSE
	EndGlobalSection
	GlobalSection(NestedProjects) = preSolution
		{60AC5CC4-CE1C-4029-99EB-528BA69A3765} = {F3F34FBB-6225-482B-AB70-96D22A1807BF}
		{F965DA8D-F656-420F-A9C2-E925CC1C9EF5} = {F3F34FBB-6225-482B-AB70-96D22A1807BF}
		{B60F0BA9-76DB-4FDF-9F0A-8BCDBFEE1DB2} = {5A815EFC-8A7F-42EB-83FD-689AFC2EDDCB}
		{4E355296-476E-4284-A094-5CFAD7A861C3} = {5A815EFC-8A7F-42EB-83FD-689AFC2EDDCB}
		{693F6965-EF98-442B-9861-83AFE4804443} = {0823DEF9-2BA5-4842-BBCC-5C7D3AE86753}
		{F57804A9-B426-4D6D-A71A-B28B52101AA5} = {0823DEF9-2BA5-4842-BBCC-5C7D3AE86753}
		{F7CF5933-F836-40C5-A4A7-85B040D42FD4} = {C89E55C9-1245-4097-8DD3-7686650F0383}
		{5C0FD10D-8EFC-4989-80BC-A72378F51812} = {C89E55C9-1245-4097-8DD3-7686650F0383}
		{29C73ECC-4B0C-4894-9CF6-732E045FC4FB} = {5F0DCEAA-6900-44DF-B923-3C79EAC26F5A}
		{E6C1856E-A1FE-4691-851E-28BBFBDABB13} = {5F0DCEAA-6900-44DF-B923-3C79EAC26F5A}
		{BE18D7ED-EE2F-4994-9263-D1CA7F30516E} = {4701B6AF-918B-4A90-80FE-14250E128642}
		{278A604F-41BC-4DDD-9E95-3E4DE7E9B640} = {4701B6AF-918B-4A90-80FE-14250E128642}
		{ACB4476C-3409-434D-BA21-DC7039730011} = {C1C077B8-48ED-4354-AA87-A7E82F1540E3}
		{AE629497-B0CC-4680-A62E-3900C3493C94} = {9344BE58-A499-4714-83C8-2958F0845801}
		{04A5BCE8-430F-4693-9571-80671C8E4299} = {9344BE58-A499-4714-83C8-2958F0845801}
		{D70907BF-FFEC-4431-9942-57D500F18C7C} = {67DC799D-3C48-4C97-A0B0-20E7CC643D94}
		{EE823BC0-D9FC-4FE3-A58E-08F3B1BEA3B0} = {67DC799D-3C48-4C97-A0B0-20E7CC643D94}
		{98E3C5A8-587A-4776-9C67-6BB8D8EE5B4B} = {9921C46F-65E4-447D-BF69-1B67D44A279E}
		{D5FFCB7C-6F96-4C86-BB35-0ADC57E755AD} = {9921C46F-65E4-447D-BF69-1B67D44A279E}
		{04DA8411-61FC-4C5B-8793-782605EED002} = {9921C46F-65E4-447D-BF69-1B67D44A279E}
		{76B5E67E-A043-417C-A259-D1B56B437738} = {0FD1770A-762F-4D04-84A5-BA80D8F61E18}
		{98F85930-E405-4A5C-8982-9D48E5F4171F} = {E2B27366-32DE-4052-85AC-EA65A1FE3805}
		{DAF606D0-F81A-4977-BA1B-AACDF05E8CF8} = {E2B27366-32DE-4052-85AC-EA65A1FE3805}
		{68490FF6-F689-426F-B8C6-7E0D02451683} = {7FA284F4-280B-4282-B409-13101F73D2F8}
		{FA61914A-A854-4C4E-BF4D-D2CA4D480150} = {7FA284F4-280B-4282-B409-13101F73D2F8}
		{30D576D7-3641-4E83-A932-71CFB0024FC8} = {B8AC0FC3-EF53-4B54-A6AD-1F44F4F3B973}
		{D705E041-20BF-4D7B-A8BE-108B9FEAD8CD} = {B8AC0FC3-EF53-4B54-A6AD-1F44F4F3B973}
	EndGlobalSection
	GlobalSection(ExtensibilityGlobals) = postSolution
		SolutionGuid = {5F9F3475-CF3B-42FC-87A3-7D92DA86B4E1}
	EndGlobalSection
EndGlobal
